// !$*UTF8*$!
{
	archiveVersion = 1;
	classes = {
	};
	objectVersion = 55;
	objects = {

/* Begin PBXBuildFile section */
		687A7FED284F4EED0020878C /* RepositoryViewModel.m in Sources */ = {isa = PBXBuildFile; fileRef = 687A7FEC284F4EED0020878C /* RepositoryViewModel.m */; };
		687A7FEF284F8C030020878C /* SafariServices.framework in Frameworks */ = {isa = PBXBuildFile; fileRef = 687A7FEE284F8C030020878C /* SafariServices.framework */; };
		68D52E61284DFF1C0005AE80 /* AppDelegate.m in Sources */ = {isa = PBXBuildFile; fileRef = 68D52E60284DFF1C0005AE80 /* AppDelegate.m */; };
		68D52E65284DFF230005AE80 /* Assets.xcassets in Resources */ = {isa = PBXBuildFile; fileRef = 68D52E64284DFF230005AE80 /* Assets.xcassets */; };
		68D52E68284DFF230005AE80 /* LaunchScreen.storyboard in Resources */ = {isa = PBXBuildFile; fileRef = 68D52E66284DFF230005AE80 /* LaunchScreen.storyboard */; };
		68D52E6A284DFF230005AE80 /* main.m in Sources */ = {isa = PBXBuildFile; fileRef = 68D52E69284DFF230005AE80 /* main.m */; };
		68D52E7E284E15300005AE80 /* SettingsViewController.m in Sources */ = {isa = PBXBuildFile; fileRef = 68D52E7A284E15300005AE80 /* SettingsViewController.m */; };
		68D52E7F284E15300005AE80 /* RepositoryViewController.m in Sources */ = {isa = PBXBuildFile; fileRef = 68D52E7C284E15300005AE80 /* RepositoryViewController.m */; };
		68D52E84284E3AB00005AE80 /* RepositoryCollectionView.m in Sources */ = {isa = PBXBuildFile; fileRef = 68D52E83284E3AB00005AE80 /* RepositoryCollectionView.m */; };
		68D52E87284E3AF10005AE80 /* RepositoryModel.m in Sources */ = {isa = PBXBuildFile; fileRef = 68D52E86284E3AF10005AE80 /* RepositoryModel.m */; };
		F410A6F0F47A09CAAD69B425 /* libPods-MVC-ViewModel.a in Frameworks */ = {isa = PBXBuildFile; fileRef = 4C66E2EE63F7017600896D79 /* libPods-MVC-ViewModel.a */; };
/* End PBXBuildFile section */

/* Begin PBXFileReference section */
		46E36FE72AACAC0B12810D0D /* Pods-MVC-ViewModel.debug.xcconfig */ = {isa = PBXFileReference; includeInIndex = 1; lastKnownFileType = text.xcconfig; name = "Pods-MVC-ViewModel.debug.xcconfig"; path = "Target Support Files/Pods-MVC-ViewModel/Pods-MVC-ViewModel.debug.xcconfig"; sourceTree = "<group>"; };
		4C66E2EE63F7017600896D79 /* libPods-MVC-ViewModel.a */ = {isa = PBXFileReference; explicitFileType = archive.ar; includeInIndex = 0; path = "libPods-MVC-ViewModel.a"; sourceTree = BUILT_PRODUCTS_DIR; };
		687A7FEB284F4EED0020878C /* RepositoryViewModel.h */ = {isa = PBXFileReference; lastKnownFileType = sourcecode.c.h; path = RepositoryViewModel.h; sourceTree = "<group>"; };
		687A7FEC284F4EED0020878C /* RepositoryViewModel.m */ = {isa = PBXFileReference; lastKnownFileType = sourcecode.c.objc; path = RepositoryViewModel.m; sourceTree = "<group>"; };
		687A7FEE284F8C030020878C /* SafariServices.framework */ = {isa = PBXFileReference; lastKnownFileType = wrapper.framework; name = SafariServices.framework; path = System/Library/Frameworks/SafariServices.framework; sourceTree = SDKROOT; };
		68D52E5C284DFF1C0005AE80 /* MVC-ViewModel.app */ = {isa = PBXFileReference; explicitFileType = wrapper.application; includeInIndex = 0; path = "MVC-ViewModel.app"; sourceTree = BUILT_PRODUCTS_DIR; };
		68D52E5F284DFF1C0005AE80 /* AppDelegate.h */ = {isa = PBXFileReference; lastKnownFileType = sourcecode.c.h; path = AppDelegate.h; sourceTree = "<group>"; };
		68D52E60284DFF1C0005AE80 /* AppDelegate.m */ = {isa = PBXFileReference; lastKnownFileType = sourcecode.c.objc; path = AppDelegate.m; sourceTree = "<group>"; };
		68D52E64284DFF230005AE80 /* Assets.xcassets */ = {isa = PBXFileReference; lastKnownFileType = folder.assetcatalog; path = Assets.xcassets; sourceTree = "<group>"; };
		68D52E67284DFF230005AE80 /* Base */ = {isa = PBXFileReference; lastKnownFileType = file.storyboard; name = Base; path = Base.lproj/LaunchScreen.storyboard; sourceTree = "<group>"; };
		68D52E69284DFF230005AE80 /* main.m */ = {isa = PBXFileReference; lastKnownFileType = sourcecode.c.objc; path = main.m; sourceTree = "<group>"; };
		68D52E7A284E15300005AE80 /* SettingsViewController.m */ = {isa = PBXFileReference; fileEncoding = 4; lastKnownFileType = sourcecode.c.objc; path = SettingsViewController.m; sourceTree = "<group>"; };
		68D52E7B284E15300005AE80 /* RepositoryViewController.h */ = {isa = PBXFileReference; fileEncoding = 4; lastKnownFileType = sourcecode.c.h; path = RepositoryViewController.h; sourceTree = "<group>"; };
		68D52E7C284E15300005AE80 /* RepositoryViewController.m */ = {isa = PBXFileReference; fileEncoding = 4; lastKnownFileType = sourcecode.c.objc; path = RepositoryViewController.m; sourceTree = "<group>"; };
		68D52E7D284E15300005AE80 /* SettingsViewController.h */ = {isa = PBXFileReference; fileEncoding = 4; lastKnownFileType = sourcecode.c.h; path = SettingsViewController.h; sourceTree = "<group>"; };
		68D52E82284E3AB00005AE80 /* RepositoryCollectionView.h */ = {isa = PBXFileReference; lastKnownFileType = sourcecode.c.h; path = RepositoryCollectionView.h; sourceTree = "<group>"; };
		68D52E83284E3AB00005AE80 /* RepositoryCollectionView.m */ = {isa = PBXFileReference; lastKnownFileType = sourcecode.c.objc; path = RepositoryCollectionView.m; sourceTree = "<group>"; };
		68D52E85284E3AF10005AE80 /* RepositoryModel.h */ = {isa = PBXFileReference; lastKnownFileType = sourcecode.c.h; path = RepositoryModel.h; sourceTree = "<group>"; };
		68D52E86284E3AF10005AE80 /* RepositoryModel.m */ = {isa = PBXFileReference; lastKnownFileType = sourcecode.c.objc; path = RepositoryModel.m; sourceTree = "<group>"; };
		68D52E88284E3C130005AE80 /* PrefixHeader.pch */ = {isa = PBXFileReference; lastKnownFileType = sourcecode.c.h; path = PrefixHeader.pch; sourceTree = "<group>"; };
		7BE92D70A2782C73B553F13C /* Pods-MVC-ViewModel.release.xcconfig */ = {isa = PBXFileReference; includeInIndex = 1; lastKnownFileType = text.xcconfig; name = "Pods-MVC-ViewModel.release.xcconfig"; path = "Target Support Files/Pods-MVC-ViewModel/Pods-MVC-ViewModel.release.xcconfig"; sourceTree = "<group>"; };
/* End PBXFileReference section */

/* Begin PBXFrameworksBuildPhase section */
		68D52E59284DFF1C0005AE80 /* Frameworks */ = {
			isa = PBXFrameworksBuildPhase;
			buildActionMask = 2147483647;
			files = (
				687A7FEF284F8C030020878C /* SafariServices.framework in Frameworks */,
				F410A6F0F47A09CAAD69B425 /* libPods-MVC-ViewModel.a in Frameworks */,
			);
			runOnlyForDeploymentPostprocessing = 0;
		};
/* End PBXFrameworksBuildPhase section */

/* Begin PBXGroup section */
		05D2F86A5B9F9577AD30A9C9 /* Pods */ = {
			isa = PBXGroup;
			children = (
				46E36FE72AACAC0B12810D0D /* Pods-MVC-ViewModel.debug.xcconfig */,
				7BE92D70A2782C73B553F13C /* Pods-MVC-ViewModel.release.xcconfig */,
			);
			path = Pods;
			sourceTree = "<group>";
		};
		687A7FEA284F4EA00020878C /* ViewModels */ = {
			isa = PBXGroup;
			children = (
				687A7FEB284F4EED0020878C /* RepositoryViewModel.h */,
				687A7FEC284F4EED0020878C /* RepositoryViewModel.m */,
			);
			path = ViewModels;
			sourceTree = "<group>";
		};
		68D52E53284DFF1C0005AE80 = {
			isa = PBXGroup;
			children = (
				68D52E5E284DFF1C0005AE80 /* MVC-ViewModel */,
				68D52E5D284DFF1C0005AE80 /* Products */,
				05D2F86A5B9F9577AD30A9C9 /* Pods */,
				FB594041ADF67D9CDD2884F7 /* Frameworks */,
			);
			sourceTree = "<group>";
		};
		68D52E5D284DFF1C0005AE80 /* Products */ = {
			isa = PBXGroup;
			children = (
				68D52E5C284DFF1C0005AE80 /* MVC-ViewModel.app */,
			);
			name = Products;
			sourceTree = "<group>";
		};
		68D52E5E284DFF1C0005AE80 /* MVC-ViewModel */ = {
			isa = PBXGroup;
			children = (
				68D52E5F284DFF1C0005AE80 /* AppDelegate.h */,
				68D52E60284DFF1C0005AE80 /* AppDelegate.m */,
				68D52E79284E15300005AE80 /* Controllers */,
				68D52E80284E3A780005AE80 /* Views */,
				687A7FEA284F4EA00020878C /* ViewModels */,
				68D52E81284E3A780005AE80 /* Models */,
				68D52E64284DFF230005AE80 /* Assets.xcassets */,
				68D52E66284DFF230005AE80 /* LaunchScreen.storyboard */,
				68D52E88284E3C130005AE80 /* PrefixHeader.pch */,
				68D52E69284DFF230005AE80 /* main.m */,
			);
			path = "MVC-ViewModel";
			sourceTree = "<group>";
		};
		68D52E79284E15300005AE80 /* Controllers */ = {
			isa = PBXGroup;
			children = (
				68D52E7B284E15300005AE80 /* RepositoryViewController.h */,
				68D52E7C284E15300005AE80 /* RepositoryViewController.m */,
				68D52E7D284E15300005AE80 /* SettingsViewController.h */,
				68D52E7A284E15300005AE80 /* SettingsViewController.m */,
			);
			path = Controllers;
			sourceTree = "<group>";
		};
		68D52E80284E3A780005AE80 /* Views */ = {
			isa = PBXGroup;
			children = (
				68D52E82284E3AB00005AE80 /* RepositoryCollectionView.h */,
				68D52E83284E3AB00005AE80 /* RepositoryCollectionView.m */,
			);
			path = Views;
			sourceTree = "<group>";
		};
		68D52E81284E3A780005AE80 /* Models */ = {
			isa = PBXGroup;
			children = (
				68D52E85284E3AF10005AE80 /* RepositoryModel.h */,
				68D52E86284E3AF10005AE80 /* RepositoryModel.m */,
			);
			path = Models;
			sourceTree = "<group>";
		};
		FB594041ADF67D9CDD2884F7 /* Frameworks */ = {
			isa = PBXGroup;
			children = (
				687A7FEE284F8C030020878C /* SafariServices.framework */,
				4C66E2EE63F7017600896D79 /* libPods-MVC-ViewModel.a */,
			);
			name = Frameworks;
			sourceTree = "<group>";
		};
/* End PBXGroup section */

/* Begin PBXNativeTarget section */
		68D52E5B284DFF1C0005AE80 /* MVC-ViewModel */ = {
			isa = PBXNativeTarget;
			buildConfigurationList = 68D52E6D284DFF230005AE80 /* Build configuration list for PBXNativeTarget "MVC-ViewModel" */;
			buildPhases = (
				00EFD7E4E7DDA0A15F6A076C /* [CP] Check Pods Manifest.lock */,
				68D52E58284DFF1C0005AE80 /* Sources */,
				68D52E59284DFF1C0005AE80 /* Frameworks */,
				68D52E5A284DFF1C0005AE80 /* Resources */,
			);
			buildRules = (
			);
			dependencies = (
			);
			name = "MVC-ViewModel";
			productName = "MVC-ViewModel";
			productReference = 68D52E5C284DFF1C0005AE80 /* MVC-ViewModel.app */;
			productType = "com.apple.product-type.application";
		};
/* End PBXNativeTarget section */

/* Begin PBXProject section */
		68D52E54284DFF1C0005AE80 /* Project object */ = {
			isa = PBXProject;
			attributes = {
				BuildIndependentTargetsInParallel = 1;
				LastSwiftUpdateCheck = 1320;
				LastUpgradeCheck = 1320;
				TargetAttributes = {
					68D52E5B284DFF1C0005AE80 = {
						CreatedOnToolsVersion = 13.2.1;
					};
				};
			};
			buildConfigurationList = 68D52E57284DFF1C0005AE80 /* Build configuration list for PBXProject "MVC-ViewModel" */;
			compatibilityVersion = "Xcode 13.0";
			developmentRegion = en;
			hasScannedForEncodings = 0;
			knownRegions = (
				en,
				Base,
			);
			mainGroup = 68D52E53284DFF1C0005AE80;
			productRefGroup = 68D52E5D284DFF1C0005AE80 /* Products */;
			projectDirPath = "";
			projectRoot = "";
			targets = (
				68D52E5B284DFF1C0005AE80 /* MVC-ViewModel */,
			);
		};
/* End PBXProject section */

/* Begin PBXResourcesBuildPhase section */
		68D52E5A284DFF1C0005AE80 /* Resources */ = {
			isa = PBXResourcesBuildPhase;
			buildActionMask = 2147483647;
			files = (
				68D52E65284DFF230005AE80 /* Assets.xcassets in Resources */,
				68D52E68284DFF230005AE80 /* LaunchScreen.storyboard in Resources */,
			);
			runOnlyForDeploymentPostprocessing = 0;
		};
/* End PBXResourcesBuildPhase section */

/* Begin PBXShellScriptBuildPhase section */
		00EFD7E4E7DDA0A15F6A076C /* [CP] Check Pods Manifest.lock */ = {
			isa = PBXShellScriptBuildPhase;
			buildActionMask = 2147483647;
			files = (
			);
			inputFileListPaths = (
			);
			inputPaths = (
				"${PODS_PODFILE_DIR_PATH}/Podfile.lock",
				"${PODS_ROOT}/Manifest.lock",
			);
			name = "[CP] Check Pods Manifest.lock";
			outputFileListPaths = (
			);
			outputPaths = (
				"$(DERIVED_FILE_DIR)/Pods-MVC-ViewModel-checkManifestLockResult.txt",
			);
			runOnlyForDeploymentPostprocessing = 0;
			shellPath = /bin/sh;
			shellScript = "diff \"${PODS_PODFILE_DIR_PATH}/Podfile.lock\" \"${PODS_ROOT}/Manifest.lock\" > /dev/null\nif [ $? != 0 ] ; then\n    # print error to STDERR\n    echo \"error: The sandbox is not in sync with the Podfile.lock. Run 'pod install' or update your CocoaPods installation.\" >&2\n    exit 1\nfi\n# This output is used by Xcode 'outputs' to avoid re-running this script phase.\necho \"SUCCESS\" > \"${SCRIPT_OUTPUT_FILE_0}\"\n";
			showEnvVarsInLog = 0;
		};
/* End PBXShellScriptBuildPhase section */

/* Begin PBXSourcesBuildPhase section */
		68D52E58284DFF1C0005AE80 /* Sources */ = {
			isa = PBXSourcesBuildPhase;
			buildActionMask = 2147483647;
			files = (
				68D52E84284E3AB00005AE80 /* RepositoryCollectionView.m in Sources */,
				68D52E7F284E15300005AE80 /* RepositoryViewController.m in Sources */,
				68D52E7E284E15300005AE80 /* SettingsViewController.m in Sources */,
				687A7FED284F4EED0020878C /* RepositoryViewModel.m in Sources */,
				68D52E87284E3AF10005AE80 /* RepositoryModel.m in Sources */,
				68D52E6A284DFF230005AE80 /* main.m in Sources */,
				68D52E61284DFF1C0005AE80 /* AppDelegate.m in Sources */,
			);
			runOnlyForDeploymentPostprocessing = 0;
		};
/* End PBXSourcesBuildPhase section */

/* Begin PBXVariantGroup section */
		68D52E66284DFF230005AE80 /* LaunchScreen.storyboard */ = {
			isa = PBXVariantGroup;
			children = (
				68D52E67284DFF230005AE80 /* Base */,
			);
			name = LaunchScreen.storyboard;
			sourceTree = "<group>";
		};
/* End PBXVariantGroup section */

/* Begin XCBuildConfiguration section */
		68D52E6B284DFF230005AE80 /* Debug */ = {
			isa = XCBuildConfiguration;
			buildSettings = {
				ALWAYS_SEARCH_USER_PATHS = NO;
				CLANG_ANALYZER_NONNULL = YES;
				CLANG_ANALYZER_NUMBER_OBJECT_CONVERSION = YES_AGGRESSIVE;
				CLANG_CXX_LANGUAGE_STANDARD = "gnu++17";
				CLANG_CXX_LIBRARY = "libc++";
				CLANG_ENABLE_MODULES = YES;
				CLANG_ENABLE_OBJC_ARC = YES;
				CLANG_ENABLE_OBJC_WEAK = YES;
				CLANG_WARN_BLOCK_CAPTURE_AUTORELEASING = YES;
				CLANG_WARN_BOOL_CONVERSION = YES;
				CLANG_WARN_COMMA = YES;
				CLANG_WARN_CONSTANT_CONVERSION = YES;
				CLANG_WARN_DEPRECATED_OBJC_IMPLEMENTATIONS = YES;
				CLANG_WARN_DIRECT_OBJC_ISA_USAGE = YES_ERROR;
				CLANG_WARN_DOCUMENTATION_COMMENTS = YES;
				CLANG_WARN_EMPTY_BODY = YES;
				CLANG_WARN_ENUM_CONVERSION = YES;
				CLANG_WARN_INFINITE_RECURSION = YES;
				CLANG_WARN_INT_CONVERSION = YES;
				CLANG_WARN_NON_LITERAL_NULL_CONVERSION = YES;
				CLANG_WARN_OBJC_IMPLICIT_RETAIN_SELF = YES;
				CLANG_WARN_OBJC_LITERAL_CONVERSION = YES;
				CLANG_WARN_OBJC_ROOT_CLASS = YES_ERROR;
				CLANG_WARN_QUOTED_INCLUDE_IN_FRAMEWORK_HEADER = YES;
				CLANG_WARN_RANGE_LOOP_ANALYSIS = YES;
				CLANG_WARN_STRICT_PROTOTYPES = YES;
				CLANG_WARN_SUSPICIOUS_MOVE = YES;
				CLANG_WARN_UNGUARDED_AVAILABILITY = YES_AGGRESSIVE;
				CLANG_WARN_UNREACHABLE_CODE = YES;
				CLANG_WARN__DUPLICATE_METHOD_MATCH = YES;
				COPY_PHASE_STRIP = NO;
				DEBUG_INFORMATION_FORMAT = dwarf;
				ENABLE_STRICT_OBJC_MSGSEND = YES;
				ENABLE_TESTABILITY = YES;
				GCC_C_LANGUAGE_STANDARD = gnu11;
				GCC_DYNAMIC_NO_PIC = NO;
				GCC_NO_COMMON_BLOCKS = YES;
				GCC_OPTIMIZATION_LEVEL = 0;
				GCC_PREPROCESSOR_DEFINITIONS = (
					"DEBUG=1",
					"$(inherited)",
				);
				GCC_WARN_64_TO_32_BIT_CONVERSION = YES;
				GCC_WARN_ABOUT_RETURN_TYPE = YES_ERROR;
				GCC_WARN_UNDECLARED_SELECTOR = YES;
				GCC_WARN_UNINITIALIZED_AUTOS = YES_AGGRESSIVE;
				GCC_WARN_UNUSED_FUNCTION = YES;
				GCC_WARN_UNUSED_VARIABLE = YES;
				IPHONEOS_DEPLOYMENT_TARGET = 15.2;
				MTL_ENABLE_DEBUG_INFO = INCLUDE_SOURCE;
				MTL_FAST_MATH = YES;
				ONLY_ACTIVE_ARCH = YES;
				SDKROOT = iphoneos;
			};
			name = Debug;
		};
		68D52E6C284DFF230005AE80 /* Release */ = {
			isa = XCBuildConfiguration;
			buildSettings = {
				ALWAYS_SEARCH_USER_PATHS = NO;
				CLANG_ANALYZER_NONNULL = YES;
				CLANG_ANALYZER_NUMBER_OBJECT_CONVERSION = YES_AGGRESSIVE;
				CLANG_CXX_LANGUAGE_STANDARD = "gnu++17";
				CLANG_CXX_LIBRARY = "libc++";
				CLANG_ENABLE_MODULES = YES;
				CLANG_ENABLE_OBJC_ARC = YES;
				CLANG_ENABLE_OBJC_WEAK = YES;
				CLANG_WARN_BLOCK_CAPTURE_AUTORELEASING = YES;
				CLANG_WARN_BOOL_CONVERSION = YES;
				CLANG_WARN_COMMA = YES;
				CLANG_WARN_CONSTANT_CONVERSION = YES;
				CLANG_WARN_DEPRECATED_OBJC_IMPLEMENTATIONS = YES;
				CLANG_WARN_DIRECT_OBJC_ISA_USAGE = YES_ERROR;
				CLANG_WARN_DOCUMENTATION_COMMENTS = YES;
				CLANG_WARN_EMPTY_BODY = YES;
				CLANG_WARN_ENUM_CONVERSION = YES;
				CLANG_WARN_INFINITE_RECURSION = YES;
				CLANG_WARN_INT_CONVERSION = YES;
				CLANG_WARN_NON_LITERAL_NULL_CONVERSION = YES;
				CLANG_WARN_OBJC_IMPLICIT_RETAIN_SELF = YES;
				CLANG_WARN_OBJC_LITERAL_CONVERSION = YES;
				CLANG_WARN_OBJC_ROOT_CLASS = YES_ERROR;
				CLANG_WARN_QUOTED_INCLUDE_IN_FRAMEWORK_HEADER = YES;
				CLANG_WARN_RANGE_LOOP_ANALYSIS = YES;
				CLANG_WARN_STRICT_PROTOTYPES = YES;
				CLANG_WARN_SUSPICIOUS_MOVE = YES;
				CLANG_WARN_UNGUARDED_AVAILABILITY = YES_AGGRESSIVE;
				CLANG_WARN_UNREACHABLE_CODE = YES;
				CLANG_WARN__DUPLICATE_METHOD_MATCH = YES;
				COPY_PHASE_STRIP = NO;
				DEBUG_INFORMATION_FORMAT = "dwarf-with-dsym";
				ENABLE_NS_ASSERTIONS = NO;
				ENABLE_STRICT_OBJC_MSGSEND = YES;
				GCC_C_LANGUAGE_STANDARD = gnu11;
				GCC_NO_COMMON_BLOCKS = YES;
				GCC_WARN_64_TO_32_BIT_CONVERSION = YES;
				GCC_WARN_ABOUT_RETURN_TYPE = YES_ERROR;
				GCC_WARN_UNDECLARED_SELECTOR = YES;
				GCC_WARN_UNINITIALIZED_AUTOS = YES_AGGRESSIVE;
				GCC_WARN_UNUSED_FUNCTION = YES;
				GCC_WARN_UNUSED_VARIABLE = YES;
				IPHONEOS_DEPLOYMENT_TARGET = 15.2;
				MTL_ENABLE_DEBUG_INFO = NO;
				MTL_FAST_MATH = YES;
				SDKROOT = iphoneos;
				VALIDATE_PRODUCT = YES;
			};
			name = Release;
		};
		68D52E6E284DFF230005AE80 /* Debug */ = {
			isa = XCBuildConfiguration;
			baseConfigurationReference = 46E36FE72AACAC0B12810D0D /* Pods-MVC-ViewModel.debug.xcconfig */;
			buildSettings = {
				ASSETCATALOG_COMPILER_APPICON_NAME = AppIcon;
				ASSETCATALOG_COMPILER_GLOBAL_ACCENT_COLOR_NAME = AccentColor;
				CODE_SIGN_STYLE = Automatic;
				CURRENT_PROJECT_VERSION = 1;
				GCC_PRECOMPILE_PREFIX_HEADER = YES;
				GCC_PREFIX_HEADER = "$(SRCROOT)/$(PROJECT_NAME)/PrefixHeader.pch";
				GENERATE_INFOPLIST_FILE = YES;
				INFOPLIST_KEY_UIApplicationSupportsIndirectInputEvents = YES;
				INFOPLIST_KEY_UILaunchStoryboardName = LaunchScreen;
				INFOPLIST_KEY_UISupportedInterfaceOrientations_iPad = "UIInterfaceOrientationPortrait UIInterfaceOrientationPortraitUpsideDown UIInterfaceOrientationLandscapeLeft UIInterfaceOrientationLandscapeRight";
				INFOPLIST_KEY_UISupportedInterfaceOrientations_iPhone = "UIInterfaceOrientationPortrait UIInterfaceOrientationLandscapeLeft UIInterfaceOrientationLandscapeRight";
				IPHONEOS_DEPLOYMENT_TARGET = 15.0;
				LD_RUNPATH_SEARCH_PATHS = (
					"$(inherited)",
					"@executable_path/Frameworks",
				);
				MARKETING_VERSION = 1.0;
				PRODUCT_BUNDLE_IDENTIFIER = "com.willhan.MVC-ViewModel";
				PRODUCT_NAME = "$(TARGET_NAME)";
				SWIFT_EMIT_LOC_STRINGS = YES;
				TARGETED_DEVICE_FAMILY = "1,2";
			};
			name = Debug;
		};
		68D52E6F284DFF230005AE80 /* Release */ = {
			isa = XCBuildConfiguration;
			baseConfigurationReference = 7BE92D70A2782C73B553F13C /* Pods-MVC-ViewModel.release.xcconfig */;
			buildSettings = {
				ASSETCATALOG_COMPILER_APPICON_NAME = AppIcon;
				ASSETCATALOG_COMPILER_GLOBAL_ACCENT_COLOR_NAME = AccentColor;
				CODE_SIGN_STYLE = Automatic;
				CURRENT_PROJECT_VERSION = 1;
				GCC_PRECOMPILE_PREFIX_HEADER = YES;
				GCC_PREFIX_HEADER = "$(SRCROOT)/$(PROJECT_NAME)/PrefixHeader.pch";
				GENERATE_INFOPLIST_FILE = YES;
				INFOPLIST_KEY_UIApplicationSupportsIndirectInputEvents = YES;
				INFOPLIST_KEY_UILaunchStoryboardName = LaunchScreen;
				INFOPLIST_KEY_UISupportedInterfaceOrientations_iPad = "UIInterfaceOrientationPortrait UIInterfaceOrientationPortraitUpsideDown UIInterfaceOrientationLandscapeLeft UIInterfaceOrientationLandscapeRight";
				INFOPLIST_KEY_UISupportedInterfaceOrientations_iPhone = "UIInterfaceOrientationPortrait UIInterfaceOrientationLandscapeLeft UIInterfaceOrientationLandscapeRight";
				IPHONEOS_DEPLOYMENT_TARGET = 15.0;
				LD_RUNPATH_SEARCH_PATHS = (
					"$(inherited)",
					"@executable_path/Frameworks",
				);
				MARKETING_VERSION = 1.0;
				PRODUCT_BUNDLE_IDENTIFIER = "com.willhan.MVC-ViewModel";
				PRODUCT_NAME = "$(TARGET_NAME)";
				SWIFT_EMIT_LOC_STRINGS = YES;
				TARGETED_DEVICE_FAMILY = "1,2";
			};
			name = Release;
		};
/* End XCBuildConfiguration section */

/* Begin XCConfigurationList section */
		68D52E57284DFF1C0005AE80 /* Build configuration list for PBXProject "MVC-ViewModel" */ = {
			isa = XCConfigurationList;
			buildConfigurations = (
				68D52E6B284DFF230005AE80 /* Debug */,
				68D52E6C284DFF230005AE80 /* Release */,
			);
			defaultConfigurationIsVisible = 0;
			defaultConfigurationName = Release;
		};
		68D52E6D284DFF230005AE80 /* Build configuration list for PBXNativeTarget "MVC-ViewModel" */ = {
			isa = XCConfigurationList;
			buildConfigurations = (
				68D52E6E284DFF230005AE80 /* Debug */,
				68D52E6F284DFF230005AE80 /* Release */,
			);
			defaultConfigurationIsVisible = 0;
			defaultConfigurationName = Release;
		};
/* End XCConfigurationList section */
	};
	rootObject = 68D52E54284DFF1C0005AE80 /* Project object */;
}
